// !$*UTF8*$!
{
	archiveVersion = 1;
	classes = {
	};
	objectVersion = 46;
	objects = {

/* Begin PBXBuildFile section */
		A1B8C4331B29DAF80065EEB0 /* main.m in Sources */ = {isa = PBXBuildFile; fileRef = A1B8C4321B29DAF80065EEB0 /* main.m */; };
		A1B8C4361B29DAF80065EEB0 /* AppDelegate.m in Sources */ = {isa = PBXBuildFile; fileRef = A1B8C4351B29DAF80065EEB0 /* AppDelegate.m */; };
		A1B8C4391B29DAF80065EEB0 /* ViewController.m in Sources */ = {isa = PBXBuildFile; fileRef = A1B8C4381B29DAF80065EEB0 /* ViewController.m */; };
		A1B8C43C1B29DAF90065EEB0 /* Main.storyboard in Resources */ = {isa = PBXBuildFile; fileRef = A1B8C43A1B29DAF80065EEB0 /* Main.storyboard */; };
		A1B8C43E1B29DAF90065EEB0 /* Images.xcassets in Resources */ = {isa = PBXBuildFile; fileRef = A1B8C43D1B29DAF90065EEB0 /* Images.xcassets */; };
		A1B8C4411B29DAF90065EEB0 /* LaunchScreen.xib in Resources */ = {isa = PBXBuildFile; fileRef = A1B8C43F1B29DAF90065EEB0 /* LaunchScreen.xib */; };
		A1B8C44D1B29DAF90065EEB0 /* ButtonDemoTests.m in Sources */ = {isa = PBXBuildFile; fileRef = A1B8C44C1B29DAF90065EEB0 /* ButtonDemoTests.m */; };
		A1B8C45E1B29EF510065EEB0 /* HamburgerButton.m in Sources */ = {isa = PBXBuildFile; fileRef = A1B8C45D1B29EF510065EEB0 /* HamburgerButton.m */; };
/* End PBXBuildFile section */

/* Begin PBXContainerItemProxy section */
		A1B8C4471B29DAF90065EEB0 /* PBXContainerItemProxy */ = {
			isa = PBXContainerItemProxy;
			containerPortal = A1B8C4251B29DAF80065EEB0 /* Project object */;
			proxyType = 1;
			remoteGlobalIDString = A1B8C42C1B29DAF80065EEB0;
			remoteInfo = ButtonDemo;
		};
/* End PBXContainerItemProxy section */

/* Begin PBXFileReference section */
		A1B8C42D1B29DAF80065EEB0 /* ButtonDemo.app */ = {isa = PBXFileReference; explicitFileType = wrapper.application; includeInIndex = 0; path = ButtonDemo.app; sourceTree = BUILT_PRODUCTS_DIR; };
		A1B8C4311B29DAF80065EEB0 /* Info.plist */ = {isa = PBXFileReference; lastKnownFileType = text.plist.xml; path = Info.plist; sourceTree = "<group>"; };
		A1B8C4321B29DAF80065EEB0 /* main.m */ = {isa = PBXFileReference; lastKnownFileType = sourcecode.c.objc; path = main.m; sourceTree = "<group>"; };
		A1B8C4341B29DAF80065EEB0 /* AppDelegate.h */ = {isa = PBXFileReference; lastKnownFileType = sourcecode.c.h; path = AppDelegate.h; sourceTree = "<group>"; };
		A1B8C4351B29DAF80065EEB0 /* AppDelegate.m */ = {isa = PBXFileReference; lastKnownFileType = sourcecode.c.objc; path = AppDelegate.m; sourceTree = "<group>"; };
		A1B8C4371B29DAF80065EEB0 /* ViewController.h */ = {isa = PBXFileReference; lastKnownFileType = sourcecode.c.h; path = ViewController.h; sourceTree = "<group>"; };
		A1B8C4381B29DAF80065EEB0 /* ViewController.m */ = {isa = PBXFileReference; lastKnownFileType = sourcecode.c.objc; path = ViewController.m; sourceTree = "<group>"; };
		A1B8C43B1B29DAF80065EEB0 /* Base */ = {isa = PBXFileReference; lastKnownFileType = file.storyboard; name = Base; path = Base.lproj/Main.storyboard; sourceTree = "<group>"; };
		A1B8C43D1B29DAF90065EEB0 /* Images.xcassets */ = {isa = PBXFileReference; lastKnownFileType = folder.assetcatalog; path = Images.xcassets; sourceTree = "<group>"; };
		A1B8C4401B29DAF90065EEB0 /* Base */ = {isa = PBXFileReference; lastKnownFileType = file.xib; name = Base; path = Base.lproj/LaunchScreen.xib; sourceTree = "<group>"; };
		A1B8C4461B29DAF90065EEB0 /* ButtonDemoTests.xctest */ = {isa = PBXFileReference; explicitFileType = wrapper.cfbundle; includeInIndex = 0; path = ButtonDemoTests.xctest; sourceTree = BUILT_PRODUCTS_DIR; };
		A1B8C44B1B29DAF90065EEB0 /* Info.plist */ = {isa = PBXFileReference; lastKnownFileType = text.plist.xml; path = Info.plist; sourceTree = "<group>"; };
		A1B8C44C1B29DAF90065EEB0 /* ButtonDemoTests.m */ = {isa = PBXFileReference; lastKnownFileType = sourcecode.c.objc; path = ButtonDemoTests.m; sourceTree = "<group>"; };
		A1B8C4561B29DB310065EEB0 /* ButtonDemo-Bridging-Header.h */ = {isa = PBXFileReference; lastKnownFileType = sourcecode.c.h; path = "ButtonDemo-Bridging-Header.h"; sourceTree = "<group>"; };
		A1B8C45C1B29EF510065EEB0 /* HamburgerButton.h */ = {isa = PBXFileReference; fileEncoding = 4; lastKnownFileType = sourcecode.c.h; path = HamburgerButton.h; sourceTree = "<group>"; };
		A1B8C45D1B29EF510065EEB0 /* HamburgerButton.m */ = {isa = PBXFileReference; fileEncoding = 4; lastKnownFileType = sourcecode.c.objc; path = HamburgerButton.m; sourceTree = "<group>"; };
/* End PBXFileReference section */

/* Begin PBXFrameworksBuildPhase section */
		A1B8C42A1B29DAF80065EEB0 /* Frameworks */ = {
			isa = PBXFrameworksBuildPhase;
			buildActionMask = 2147483647;
			files = (
			);
			runOnlyForDeploymentPostprocessing = 0;
		};
		A1B8C4431B29DAF90065EEB0 /* Frameworks */ = {
			isa = PBXFrameworksBuildPhase;
			buildActionMask = 2147483647;
			files = (
			);
			runOnlyForDeploymentPostprocessing = 0;
		};
/* End PBXFrameworksBuildPhase section */

/* Begin PBXGroup section */
		A1B8C4241B29DAF80065EEB0 = {
			isa = PBXGroup;
			children = (
				A1B8C42F1B29DAF80065EEB0 /* ButtonDemo */,
				A1B8C4491B29DAF90065EEB0 /* ButtonDemoTests */,
				A1B8C42E1B29DAF80065EEB0 /* Products */,
			);
			sourceTree = "<group>";
		};
		A1B8C42E1B29DAF80065EEB0 /* Products */ = {
			isa = PBXGroup;
			children = (
				A1B8C42D1B29DAF80065EEB0 /* ButtonDemo.app */,
				A1B8C4461B29DAF90065EEB0 /* ButtonDemoTests.xctest */,
			);
			name = Products;
			sourceTree = "<group>";
		};
		A1B8C42F1B29DAF80065EEB0 /* ButtonDemo */ = {
			isa = PBXGroup;
			children = (
				A1B8C45C1B29EF510065EEB0 /* HamburgerButton.h */,
				A1B8C45D1B29EF510065EEB0 /* HamburgerButton.m */,
				A1B8C4341B29DAF80065EEB0 /* AppDelegate.h */,
				A1B8C4351B29DAF80065EEB0 /* AppDelegate.m */,
				A1B8C4371B29DAF80065EEB0 /* ViewController.h */,
				A1B8C4381B29DAF80065EEB0 /* ViewController.m */,
				A1B8C43A1B29DAF80065EEB0 /* Main.storyboard */,
				A1B8C43D1B29DAF90065EEB0 /* Images.xcassets */,
				A1B8C43F1B29DAF90065EEB0 /* LaunchScreen.xib */,
				A1B8C4301B29DAF80065EEB0 /* Supporting Files */,
				A1B8C4561B29DB310065EEB0 /* ButtonDemo-Bridging-Header.h */,
			);
			path = ButtonDemo;
			sourceTree = "<group>";
		};
		A1B8C4301B29DAF80065EEB0 /* Supporting Files */ = {
			isa = PBXGroup;
			children = (
				A1B8C4311B29DAF80065EEB0 /* Info.plist */,
				A1B8C4321B29DAF80065EEB0 /* main.m */,
			);
			name = "Supporting Files";
			sourceTree = "<group>";
		};
		A1B8C4491B29DAF90065EEB0 /* ButtonDemoTests */ = {
			isa = PBXGroup;
			children = (
				A1B8C44C1B29DAF90065EEB0 /* ButtonDemoTests.m */,
				A1B8C44A1B29DAF90065EEB0 /* Supporting Files */,
			);
			path = ButtonDemoTests;
			sourceTree = "<group>";
		};
		A1B8C44A1B29DAF90065EEB0 /* Supporting Files */ = {
			isa = PBXGroup;
			children = (
				A1B8C44B1B29DAF90065EEB0 /* Info.plist */,
			);
			name = "Supporting Files";
			sourceTree = "<group>";
		};
/* End PBXGroup section */

/* Begin PBXNativeTarget section */
		A1B8C42C1B29DAF80065EEB0 /* ButtonDemo */ = {
			isa = PBXNativeTarget;
			buildConfigurationList = A1B8C4501B29DAF90065EEB0 /* Build configuration list for PBXNativeTarget "ButtonDemo" */;
			buildPhases = (
				A1B8C4291B29DAF80065EEB0 /* Sources */,
				A1B8C42A1B29DAF80065EEB0 /* Frameworks */,
				A1B8C42B1B29DAF80065EEB0 /* Resources */,
			);
			buildRules = (
			);
			dependencies = (
			);
			name = ButtonDemo;
			productName = ButtonDemo;
			productReference = A1B8C42D1B29DAF80065EEB0 /* ButtonDemo.app */;
			productType = "com.apple.product-type.application";
		};
		A1B8C4451B29DAF90065EEB0 /* ButtonDemoTests */ = {
			isa = PBXNativeTarget;
			buildConfigurationList = A1B8C4531B29DAF90065EEB0 /* Build configuration list for PBXNativeTarget "ButtonDemoTests" */;
			buildPhases = (
				A1B8C4421B29DAF90065EEB0 /* Sources */,
				A1B8C4431B29DAF90065EEB0 /* Frameworks */,
				A1B8C4441B29DAF90065EEB0 /* Resources */,
			);
			buildRules = (
			);
			dependencies = (
				A1B8C4481B29DAF90065EEB0 /* PBXTargetDependency */,
			);
			name = ButtonDemoTests;
			productName = ButtonDemoTests;
			productReference = A1B8C4461B29DAF90065EEB0 /* ButtonDemoTests.xctest */;
			productType = "com.apple.product-type.bundle.unit-test";
		};
/* End PBXNativeTarget section */

/* Begin PBXProject section */
		A1B8C4251B29DAF80065EEB0 /* Project object */ = {
			isa = PBXProject;
			attributes = {
				LastUpgradeCheck = 0630;
				ORGANIZATIONNAME = lipengyuan;
				TargetAttributes = {
					A1B8C42C1B29DAF80065EEB0 = {
						CreatedOnToolsVersion = 6.3.2;
					};
					A1B8C4451B29DAF90065EEB0 = {
						CreatedOnToolsVersion = 6.3.2;
						TestTargetID = A1B8C42C1B29DAF80065EEB0;
					};
				};
			};
			buildConfigurationList = A1B8C4281B29DAF80065EEB0 /* Build configuration list for PBXProject "ButtonDemo" */;
			compatibilityVersion = "Xcode 3.2";
			developmentRegion = English;
			hasScannedForEncodings = 0;
			knownRegions = (
				en,
				Base,
			);
			mainGroup = A1B8C4241B29DAF80065EEB0;
			productRefGroup = A1B8C42E1B29DAF80065EEB0 /* Products */;
			projectDirPath = "";
			projectRoot = "";
			targets = (
				A1B8C42C1B29DAF80065EEB0 /* ButtonDemo */,
				A1B8C4451B29DAF90065EEB0 /* ButtonDemoTests */,
			);
		};
/* End PBXProject section */

/* Begin PBXResourcesBuildPhase section */
		A1B8C42B1B29DAF80065EEB0 /* Resources */ = {
			isa = PBXResourcesBuildPhase;
			buildActionMask = 2147483647;
			files = (
				A1B8C43C1B29DAF90065EEB0 /* Main.storyboard in Resources */,
				A1B8C4411B29DAF90065EEB0 /* LaunchScreen.xib in Resources */,
				A1B8C43E1B29DAF90065EEB0 /* Images.xcassets in Resources */,
			);
			runOnlyForDeploymentPostprocessing = 0;
		};
		A1B8C4441B29DAF90065EEB0 /* Resources */ = {
			isa = PBXResourcesBuildPhase;
			buildActionMask = 2147483647;
			files = (
			);
			runOnlyForDeploymentPostprocessing = 0;
		};
/* End PBXResourcesBuildPhase section */

/* Begin PBXSourcesBuildPhase section */
		A1B8C4291B29DAF80065EEB0 /* Sources */ = {
			isa = PBXSourcesBuildPhase;
			buildActionMask = 2147483647;
			files = (
				A1B8C4391B29DAF80065EEB0 /* ViewController.m in Sources */,
				A1B8C45E1B29EF510065EEB0 /* HamburgerButton.m in Sources */,
				A1B8C4361B29DAF80065EEB0 /* AppDelegate.m in Sources */,
				A1B8C4331B29DAF80065EEB0 /* main.m in Sources */,
			);
			runOnlyForDeploymentPostprocessing = 0;
		};
		A1B8C4421B29DAF90065EEB0 /* Sources */ = {
			isa = PBXSourcesBuildPhase;
			buildActionMask = 2147483647;
			files = (
				A1B8C44D1B29DAF90065EEB0 /* ButtonDemoTests.m in Sources */,
			);
			runOnlyForDeploymentPostprocessing = 0;
		};
/* End PBXSourcesBuildPhase section */

/* Begin PBXTargetDependency section */
		A1B8C4481B29DAF90065EEB0 /* PBXTargetDependency */ = {
			isa = PBXTargetDependency;
			target = A1B8C42C1B29DAF80065EEB0 /* ButtonDemo */;
			targetProxy = A1B8C4471B29DAF90065EEB0 /* PBXContainerItemProxy */;
		};
/* End PBXTargetDependency section */

/* Begin PBXVariantGroup section */
		A1B8C43A1B29DAF80065EEB0 /* Main.storyboard */ = {
			isa = PBXVariantGroup;
			children = (
				A1B8C43B1B29DAF80065EEB0 /* Base */,
			);
			name = Main.storyboard;
			sourceTree = "<group>";
		};
		A1B8C43F1B29DAF90065EEB0 /* LaunchScreen.xib */ = {
			isa = PBXVariantGroup;
			children = (
				A1B8C4401B29DAF90065EEB0 /* Base */,
			);
			name = LaunchScreen.xib;
			sourceTree = "<group>";
		};
/* End PBXVariantGroup section */

/* Begin XCBuildConfiguration section */
		A1B8C44E1B29DAF90065EEB0 /* Debug */ = {
			isa = XCBuildConfiguration;
			buildSettings = {
				ALWAYS_SEARCH_USER_PATHS = NO;
				CLANG_CXX_LANGUAGE_STANDARD = "gnu++0x";
				CLANG_CXX_LIBRARY = "libc++";
				CLANG_ENABLE_MODULES = YES;
				CLANG_ENABLE_OBJC_ARC = YES;
				CLANG_WARN_BOOL_CONVERSION = YES;
				CLANG_WARN_CONSTANT_CONVERSION = YES;
				CLANG_WARN_DIRECT_OBJC_ISA_USAGE = YES_ERROR;
				CLANG_WARN_EMPTY_BODY = YES;
				CLANG_WARN_ENUM_CONVERSION = YES;
				CLANG_WARN_INT_CONVERSION = YES;
				CLANG_WARN_OBJC_ROOT_CLASS = YES_ERROR;
				CLANG_WARN_UNREACHABLE_CODE = YES;
				CLANG_WARN__DUPLICATE_METHOD_MATCH = YES;
				"CODE_SIGN_IDENTITY[sdk=iphoneos*]" = "iPhone Developer";
				COPY_PHASE_STRIP = NO;
				DEBUG_INFORMATION_FORMAT = "dwarf-with-dsym";
				ENABLE_STRICT_OBJC_MSGSEND = YES;
				GCC_C_LANGUAGE_STANDARD = gnu99;
				GCC_DYNAMIC_NO_PIC = NO;
				GCC_NO_COMMON_BLOCKS = YES;
				GCC_OPTIMIZATION_LEVEL = 0;
				GCC_PREPROCESSOR_DEFINITIONS = (
					"DEBUG=1",
					"$(inherited)",
				);
				GCC_SYMBOLS_PRIVATE_EXTERN = NO;
				GCC_WARN_64_TO_32_BIT_CONVERSION = YES;
				GCC_WARN_ABOUT_RETURN_TYPE = YES_ERROR;
				GCC_WARN_UNDECLARED_SELECTOR = YES;
				GCC_WARN_UNINITIALIZED_AUTOS = YES_AGGRESSIVE;
				GCC_WARN_UNUSED_FUNCTION = YES;
				GCC_WARN_UNUSED_VARIABLE = YES;
				IPHONEOS_DEPLOYMENT_TARGET = 8.3;
				MTL_ENABLE_DEBUG_INFO = YES;
				ONLY_ACTIVE_ARCH = YES;
				SDKROOT = iphoneos;
			};
			name = Debug;
		};
		A1B8C44F1B29DAF90065EEB0 /* Release */ = {
			isa = XCBuildConfiguration;
			buildSettings = {
				ALWAYS_SEARCH_USER_PATHS = NO;
				CLANG_CXX_LANGUAGE_STANDARD = "gnu++0x";
				CLANG_CXX_LIBRARY = "libc++";
				CLANG_ENABLE_MODULES = YES;
				CLANG_ENABLE_OBJC_ARC = YES;
				CLANG_WARN_BOOL_CONVERSION = YES;
				CLANG_WARN_CONSTANT_CONVERSION = YES;
				CLANG_WARN_DIRECT_OBJC_ISA_USAGE = YES_ERROR;
				CLANG_WARN_EMPTY_BODY = YES;
				CLANG_WARN_ENUM_CONVERSION = YES;
				CLANG_WARN_INT_CONVERSION = YES;
				CLANG_WARN_OBJC_ROOT_CLASS = YES_ERROR;
				CLANG_WARN_UNREACHABLE_CODE = YES;
				CLANG_WARN__DUPLICATE_METHOD_MATCH = YES;
				"CODE_SIGN_IDENTITY[sdk=iphoneos*]" = "iPhone Developer";
				COPY_PHASE_STRIP = NO;
				DEBUG_INFORMATION_FORMAT = "dwarf-with-dsym";
				ENABLE_NS_ASSERTIONS = NO;
				ENABLE_STRICT_OBJC_MSGSEND = YES;
				GCC_C_LANGUAGE_STANDARD = gnu99;
				GCC_NO_COMMON_BLOCKS = YES;
				GCC_WARN_64_TO_32_BIT_CONVERSION = YES;
				GCC_WARN_ABOUT_RETURN_TYPE = YES_ERROR;
				GCC_WARN_UNDECLARED_SELECTOR = YES;
				GCC_WARN_UNINITIALIZED_AUTOS = YES_AGGRESSIVE;
				GCC_WARN_UNUSED_FUNCTION = YES;
				GCC_WARN_UNUSED_VARIABLE = YES;
				IPHONEOS_DEPLOYMENT_TARGET = 8.3;
				MTL_ENABLE_DEBUG_INFO = NO;
				SDKROOT = iphoneos;
				VALIDATE_PRODUCT = YES;
			};
			name = Release;
		};
		A1B8C4511B29DAF90065EEB0 /* Debug */ = {
			isa = XCBuildConfiguration;
			buildSettings = {
				ASSETCATALOG_COMPILER_APPICON_NAME = AppIcon;
				CLANG_ENABLE_MODULES = YES;
				INFOPLIST_FILE = ButtonDemo/Info.plist;
				LD_RUNPATH_SEARCH_PATHS = "$(inherited) @executable_path/Frameworks";
				PRODUCT_NAME = "$(TARGET_NAME)";
				SWIFT_OBJC_BRIDGING_HEADER = "ButtonDemo/ButtonDemo-Bridging-Header.h";
				SWIFT_OPTIMIZATION_LEVEL = "-Onone";
			};
			name = Debug;
		};
		A1B8C4521B29DAF90065EEB0 /* Release */ = {
			isa = XCBuildConfiguration;
			buildSettings = {
				ASSETCATALOG_COMPILER_APPICON_NAME = AppIcon;
				CLANG_ENABLE_MODULES = YES;
				INFOPLIST_FILE = ButtonDemo/Info.plist;
				LD_RUNPATH_SEARCH_PATHS = "$(inherited) @executable_path/Frameworks";
				PRODUCT_NAME = "$(TARGET_NAME)";
				SWIFT_OBJC_BRIDGING_HEADER = "ButtonDemo/ButtonDemo-Bridging-Header.h";
			};
			name = Release;
		};
		A1B8C4541B29DAF90065EEB0 /* Debug */ = {
			isa = XCBuildConfiguration;
			buildSettings = {
				BUNDLE_LOADER = "$(TEST_HOST)";
				FRAMEWORK_SEARCH_PATHS = (
					"$(SDKROOT)/Developer/Library/Frameworks",
					"$(inherited)",
				);
				GCC_PREPROCESSOR_DEFINITIONS = (
					"DEBUG=1",
					"$(inherited)",
				);
				INFOPLIST_FILE = ButtonDemoTests/Info.plist;
				LD_RUNPATH_SEARCH_PATHS = "$(inherited) @executable_path/Frameworks @loader_path/Frameworks";
				PRODUCT_NAME = "$(TARGET_NAME)";
				TEST_HOST = "$(BUILT_PRODUCTS_DIR)/ButtonDemo.app/ButtonDemo";
			};
			name = Debug;
		};
		A1B8C4551B29DAF90065EEB0 /* Release */ = {
			isa = XCBuildConfiguration;
			buildSettings = {
				BUNDLE_LOADER = "$(TEST_HOST)";
				FRAMEWORK_SEARCH_PATHS = (
					"$(SDKROOT)/Developer/Library/Frameworks",
					"$(inherited)",
				);
				INFOPLIST_FILE = ButtonDemoTests/Info.plist;
				LD_RUNPATH_SEARCH_PATHS = "$(inherited) @executable_path/Frameworks @loader_path/Frameworks";
				PRODUCT_NAME = "$(TARGET_NAME)";
				TEST_HOST = "$(BUILT_PRODUCTS_DIR)/ButtonDemo.app/ButtonDemo";
			};
			name = Release;
		};
/* End XCBuildConfiguration section */

/* Begin XCConfigurationList section */
		A1B8C4281B29DAF80065EEB0 /* Build configuration list for PBXProject "ButtonDemo" */ = {
			isa = XCConfigurationList;
			buildConfigurations = (
				A1B8C44E1B29DAF90065EEB0 /* Debug */,
				A1B8C44F1B29DAF90065EEB0 /* Release */,
			);
			defaultConfigurationIsVisible = 0;
			defaultConfigurationName = Release;
		};
		A1B8C4501B29DAF90065EEB0 /* Build configuration list for PBXNativeTarget "ButtonDemo" */ = {
			isa = XCConfigurationList;
			buildConfigurations = (
				A1B8C4511B29DAF90065EEB0 /* Debug */,
				A1B8C4521B29DAF90065EEB0 /* Release */,
			);
			defaultConfigurationIsVisible = 0;
		};
		A1B8C4531B29DAF90065EEB0 /* Build configuration list for PBXNativeTarget "ButtonDemoTests" */ = {
			isa = XCConfigurationList;
			buildConfigurations = (
				A1B8C4541B29DAF90065EEB0 /* Debug */,
				A1B8C4551B29DAF90065EEB0 /* Release */,
			);
			defaultConfigurationIsVisible = 0;
		};
/* End XCConfigurationList section */
	};
	rootObject = A1B8C4251B29DAF80065EEB0 /* Project object */;
}
